
Microsoft Visual Studio Solution File, Format Version 12.00
# Visual Studio Version 17
VisualStudioVersion = 17.5.33530.505
MinimumVisualStudioVersion = 10.0.40219.1
Project("{FAE04EC0-301F-11D3-BF4B-00C04F79EFBC}") = "Student Management", "Student Management\Student Management.csproj", "{EF98B618-D952-49AF-812B-22AA21537DFC}"
EndProject
Global
	GlobalSection(SolutionConfigurationPlatforms) = preSolution
		Debug|Any CPU = Debug|Any CPU
		Release|Any CPU = Release|Any CPU
	EndGlobalSection
	GlobalSection(ProjectConfigurationPlatforms) = postSolution
		{EF98B618-D952-49AF-812B-22AA21537DFC}.Debug|Any CPU.ActiveCfg = Debug|Any CPU
		{EF98B618-D952-49AF-812B-22AA21537DFC}.Debug|Any CPU.Build.0 = Debug|Any CPU
		{EF98B618-D952-49AF-812B-22AA21537DFC}.Release|Any CPU.ActiveCfg = Release|Any CPU
		{EF98B618-D952-49AF-812B-22AA21537DFC}.Release|Any CPU.Build.0 = Release|Any CPU
	EndGlobalSection
	GlobalSection(SolutionProperties) = preSolution
		HideSolutionNode = FALSE
	EndGlobalSection
	GlobalSection(ExtensibilityGlobals) = postSolution
		SolutionGuid = {7D16C1DA-29CC-4FBF-A841-8F207F0259F5}
	EndGlobalSection
EndGlobal
